
Microsoft Visual Studio Solution File, Format Version 12.00
# Visual Studio 15
VisualStudioVersion = 15.0.28010.2046
MinimumVisualStudioVersion = 10.0.40219.1
Project("{FAE04EC0-301F-11D3-BF4B-00C04F79EFBC}") = "Hydrology", "Hydrology\Hydrology.csproj", "{CCA028FB-ED61-4345-9E91-CB8AC29254BE}"
	ProjectSection(ProjectDependencies) = postProject
		{8740AB08-29BA-4738-80DB-DDAD85455C81} = {8740AB08-29BA-4738-80DB-DDAD85455C81}
		{53945256-B633-46EF-B58F-B3EC9A5997B0} = {53945256-B633-46EF-B58F-B3EC9A5997B0}
	EndProjectSection
EndProject
Project("{FAE04EC0-301F-11D3-BF4B-00C04F79EFBC}") = "DBManager", "DBManager\DBManager.csproj", "{8740AB08-29BA-4738-80DB-DDAD85455C81}"
EndProject
Project("{FAE04EC0-301F-11D3-BF4B-00C04F79EFBC}") = "Entity", "Entity\Entity.csproj", "{53945256-B633-46EF-B58F-B3EC9A5997B0}"
EndProject
Global
	GlobalSection(SolutionConfigurationPlatforms) = preSolution
		Debug|Any CPU = Debug|Any CPU
		Debug|Mixed Platforms = Debug|Mixed Platforms
		Debug|x86 = Debug|x86
		Release|Any CPU = Release|Any CPU
		Release|Mixed Platforms = Release|Mixed Platforms
		Release|x86 = Release|x86
	EndGlobalSection
	GlobalSection(ProjectConfigurationPlatforms) = postSolution
		{CCA028FB-ED61-4345-9E91-CB8AC29254BE}.Debug|Any CPU.ActiveCfg = Debug|x86
		{CCA028FB-ED61-4345-9E91-CB8AC29254BE}.Debug|Mixed Platforms.ActiveCfg = Debug|x86
		{CCA028FB-ED61-4345-9E91-CB8AC29254BE}.Debug|Mixed Platforms.Build.0 = Debug|x86
		{CCA028FB-ED61-4345-9E91-CB8AC29254BE}.Debug|x86.ActiveCfg = Debug|x86
		{CCA028FB-ED61-4345-9E91-CB8AC29254BE}.Debug|x86.Build.0 = Debug|x86
		{CCA028FB-ED61-4345-9E91-CB8AC29254BE}.Release|Any CPU.ActiveCfg = Release|x86
		{CCA028FB-ED61-4345-9E91-CB8AC29254BE}.Release|Mixed Platforms.ActiveCfg = Release|x86
		{CCA028FB-ED61-4345-9E91-CB8AC29254BE}.Release|Mixed Platforms.Build.0 = Release|x86
		{CCA028FB-ED61-4345-9E91-CB8AC29254BE}.Release|x86.ActiveCfg = Release|x86
		{CCA028FB-ED61-4345-9E91-CB8AC29254BE}.Release|x86.Build.0 = Release|x86
		{8740AB08-29BA-4738-80DB-DDAD85455C81}.Debug|Any CPU.ActiveCfg = Debug|Any CPU
		{8740AB08-29BA-4738-80DB-DDAD85455C81}.Debug|Any CPU.Build.0 = Debug|Any CPU
		{8740AB08-29BA-4738-80DB-DDAD85455C81}.Debug|Mixed Platforms.ActiveCfg = Debug|Any CPU
		{8740AB08-29BA-4738-80DB-DDAD85455C81}.Debug|Mixed Platforms.Build.0 = Debug|Any CPU
		{8740AB08-29BA-4738-80DB-DDAD85455C81}.Debug|x86.ActiveCfg = Debug|Any CPU
		{8740AB08-29BA-4738-80DB-DDAD85455C81}.Release|Any CPU.ActiveCfg = Release|Any CPU
		{8740AB08-29BA-4738-80DB-DDAD85455C81}.Release|Any CPU.Build.0 = Release|Any CPU
		{8740AB08-29BA-4738-80DB-DDAD85455C81}.Release|Mixed Platforms.ActiveCfg = Release|Any CPU
		{8740AB08-29BA-4738-80DB-DDAD85455C81}.Release|Mixed Platforms.Build.0 = Release|Any CPU
		{8740AB08-29BA-4738-80DB-DDAD85455C81}.Release|x86.ActiveCfg = Release|Any CPU
		{53945256-B633-46EF-B58F-B3EC9A5997B0}.Debug|Any CPU.ActiveCfg = Debug|Any CPU
		{53945256-B633-46EF-B58F-B3EC9A5997B0}.Debug|Any CPU.Build.0 = Debug|Any CPU
		{53945256-B633-46EF-B58F-B3EC9A5997B0}.Debug|Mixed Platforms.ActiveCfg = Debug|Any CPU
		{53945256-B633-46EF-B58F-B3EC9A5997B0}.Debug|Mixed Platforms.Build.0 = Debug|Any CPU
		{53945256-B633-46EF-B58F-B3EC9A5997B0}.Debug|x86.ActiveCfg = Debug|Any CPU
		{53945256-B633-46EF-B58F-B3EC9A5997B0}.Release|Any CPU.ActiveCfg = Release|Any CPU
		{53945256-B633-46EF-B58F-B3EC9A5997B0}.Release|Any CPU.Build.0 = Release|Any CPU
		{53945256-B633-46EF-B58F-B3EC9A5997B0}.Release|Mixed Platforms.ActiveCfg = Release|Any CPU
		{53945256-B633-46EF-B58F-B3EC9A5997B0}.Release|Mixed Platforms.Build.0 = Release|Any CPU
		{53945256-B633-46EF-B58F-B3EC9A5997B0}.Release|x86.ActiveCfg = Release|Any CPU
	EndGlobalSection
	GlobalSection(SolutionProperties) = preSolution
		HideSolutionNode = FALSE
	EndGlobalSection
	GlobalSection(ExtensibilityGlobals) = postSolution
		SolutionGuid = {592211D6-4E35-4B15-8F96-87590EF8A042}
	EndGlobalSection
EndGlobal
